
Microsoft Visual Studio Solution File, Format Version 12.00
# Visual Studio Version 17
VisualStudioVersion = 17.5.33627.172
MinimumVisualStudioVersion = 10.0.40219.1
Project("{FAE04EC0-301F-11D3-BF4B-00C04F79EFBC}") = "TVApp", "TVApp\TVApp.csproj", "{646C1FC1-FEF2-4AAC-8E87-3D5A980E9EE0}"
EndProject
Project("{FAE04EC0-301F-11D3-BF4B-00C04F79EFBC}") = "TVLibrary", "TVLibrary\TVLibrary.csproj", "{3594E0D3-23A8-4109-A435-86C068177564}"
EndProject
Project("{FAE04EC0-301F-11D3-BF4B-00C04F79EFBC}") = "TVTests", "TVTests\TVTests.csproj", "{82083240-755D-4CA6-9979-1264BCBA64A7}"
EndProject
Global
	GlobalSection(SolutionConfigurationPlatforms) = preSolution
		Debug|Any CPU = Debug|Any CPU
		Release|Any CPU = Release|Any CPU
	EndGlobalSection
	GlobalSection(ProjectConfigurationPlatforms) = postSolution
		{646C1FC1-FEF2-4AAC-8E87-3D5A980E9EE0}.Debug|Any CPU.ActiveCfg = Debug|Any CPU
		{646C1FC1-FEF2-4AAC-8E87-3D5A980E9EE0}.Debug|Any CPU.Build.0 = Debug|Any CPU
		{646C1FC1-FEF2-4AAC-8E87-3D5A980E9EE0}.Release|Any CPU.ActiveCfg = Release|Any CPU
		{646C1FC1-FEF2-4AAC-8E87-3D5A980E9EE0}.Release|Any CPU.Build.0 = Release|Any CPU
		{3594E0D3-23A8-4109-A435-86C068177564}.Debug|Any CPU.ActiveCfg = Debug|Any CPU
		{3594E0D3-23A8-4109-A435-86C068177564}.Debug|Any CPU.Build.0 = Debug|Any CPU
		{3594E0D3-23A8-4109-A435-86C068177564}.Release|Any CPU.ActiveCfg = Release|Any CPU
		{3594E0D3-23A8-4109-A435-86C068177564}.Release|Any CPU.Build.0 = Release|Any CPU
		{82083240-755D-4CA6-9979-1264BCBA64A7}.Debug|Any CPU.ActiveCfg = Debug|Any CPU
		{82083240-755D-4CA6-9979-1264BCBA64A7}.Debug|Any CPU.Build.0 = Debug|Any CPU
		{82083240-755D-4CA6-9979-1264BCBA64A7}.Release|Any CPU.ActiveCfg = Release|Any CPU
		{82083240-755D-4CA6-9979-1264BCBA64A7}.Release|Any CPU.Build.0 = Release|Any CPU
	EndGlobalSection
	GlobalSection(SolutionProperties) = preSolution
		HideSolutionNode = FALSE
	EndGlobalSection
	GlobalSection(ExtensibilityGlobals) = postSolution
		SolutionGuid = {6A74D3B6-F6D2-4FA4-AC98-5169D9DD5FA8}
	EndGlobalSection
EndGlobal
